
Microsoft Visual Studio Solution File, Format Version 12.00
# Visual Studio Version 16
VisualStudioVersion = 16.0.31729.503
MinimumVisualStudioVersion = 10.0.40219.1
Project("{9A19103F-16F7-4668-BE54-9A1E7A4F7556}") = "Tweet_App_Service", "Tweet_App_Service\Tweet_App_Service.csproj", "{0F71B2C9-4549-4BEB-8A9A-2C78ECBCE9D7}"
EndProject
Project("{9A19103F-16F7-4668-BE54-9A1E7A4F7556}") = "com.tweetapp.userinfoservice", "com.tweetapp.userinfoservice\com.tweetapp.userinfoservice.csproj", "{90237BA5-0933-40E7-AD8B-619DA4D1A0B8}"
EndProject
Project("{9A19103F-16F7-4668-BE54-9A1E7A4F7556}") = "com.tweetapp.tweetinfoservice", "com.tweetapp.tweetinfoservice\com.tweetapp.tweetinfoservice.csproj", "{A62088FA-2487-4ADA-8E00-3E19E399130B}"
EndProject
Global
	GlobalSection(SolutionConfigurationPlatforms) = preSolution
		Debug|Any CPU = Debug|Any CPU
		Release|Any CPU = Release|Any CPU
	EndGlobalSection
	GlobalSection(ProjectConfigurationPlatforms) = postSolution
		{0F71B2C9-4549-4BEB-8A9A-2C78ECBCE9D7}.Debug|Any CPU.ActiveCfg = Debug|Any CPU
		{0F71B2C9-4549-4BEB-8A9A-2C78ECBCE9D7}.Debug|Any CPU.Build.0 = Debug|Any CPU
		{0F71B2C9-4549-4BEB-8A9A-2C78ECBCE9D7}.Release|Any CPU.ActiveCfg = Release|Any CPU
		{0F71B2C9-4549-4BEB-8A9A-2C78ECBCE9D7}.Release|Any CPU.Build.0 = Release|Any CPU
		{90237BA5-0933-40E7-AD8B-619DA4D1A0B8}.Debug|Any CPU.ActiveCfg = Debug|Any CPU
		{90237BA5-0933-40E7-AD8B-619DA4D1A0B8}.Debug|Any CPU.Build.0 = Debug|Any CPU
		{90237BA5-0933-40E7-AD8B-619DA4D1A0B8}.Release|Any CPU.ActiveCfg = Release|Any CPU
		{90237BA5-0933-40E7-AD8B-619DA4D1A0B8}.Release|Any CPU.Build.0 = Release|Any CPU
		{A62088FA-2487-4ADA-8E00-3E19E399130B}.Debug|Any CPU.ActiveCfg = Debug|Any CPU
		{A62088FA-2487-4ADA-8E00-3E19E399130B}.Debug|Any CPU.Build.0 = Debug|Any CPU
		{A62088FA-2487-4ADA-8E00-3E19E399130B}.Release|Any CPU.ActiveCfg = Release|Any CPU
		{A62088FA-2487-4ADA-8E00-3E19E399130B}.Release|Any CPU.Build.0 = Release|Any CPU
	EndGlobalSection
	GlobalSection(SolutionProperties) = preSolution
		HideSolutionNode = FALSE
	EndGlobalSection
	GlobalSection(ExtensibilityGlobals) = postSolution
		SolutionGuid = {0B3031D0-38DC-4BFE-9EE1-3CA42B0CCEF2}
	EndGlobalSection
EndGlobal
